
Microsoft Visual Studio Solution File, Format Version 12.00
# Visual Studio Version 17
VisualStudioVersion = 17.3.32901.215
MinimumVisualStudioVersion = 10.0.40219.1
Project("{FAE04EC0-301F-11D3-BF4B-00C04F79EFBC}") = "LaRottaO.CSharp.PdfSharpUtils", "LaRottaO.CSharp.PdfSharpUtils\LaRottaO.CSharp.PdfSharpUtils.csproj", "{2EA0B0FE-145C-4247-A5A9-014BA4A0484D}"
EndProject
Global
	GlobalSection(SolutionConfigurationPlatforms) = preSolution
		Debug|Any CPU = Debug|Any CPU
		Release|Any CPU = Release|Any CPU
	EndGlobalSection
	GlobalSection(ProjectConfigurationPlatforms) = postSolution
		{2EA0B0FE-145C-4247-A5A9-014BA4A0484D}.Debug|Any CPU.ActiveCfg = Debug|Any CPU
		{2EA0B0FE-145C-4247-A5A9-014BA4A0484D}.Debug|Any CPU.Build.0 = Debug|Any CPU
		{2EA0B0FE-145C-4247-A5A9-014BA4A0484D}.Release|Any CPU.ActiveCfg = Release|Any CPU
		{2EA0B0FE-145C-4247-A5A9-014BA4A0484D}.Release|Any CPU.Build.0 = Release|Any CPU
	EndGlobalSection
	GlobalSection(SolutionProperties) = preSolution
		HideSolutionNode = FALSE
	EndGlobalSection
	GlobalSection(ExtensibilityGlobals) = postSolution
		SolutionGuid = {F1886C92-DE64-4907-9D56-5D4C9D857FDE}
	EndGlobalSection
EndGlobal
